version = 1
requires-python = ">=3.12"

[[package]]
name = "colorama"
version = "0.4.6"
source = { registry = "https://pypi.org/simple" }
sdist = { url = "https://files.pythonhosted.org/packages/d8/53/6f443c9a4a8358a93a6792e2acffb9d9d5cb0a5cfd8802644b7b1c9a02e4/colorama-0.4.6.tar.gz", hash = "sha256:08695f5cb7ed6e0531a20572697297273c47b8cae5a63ffc6d6ed5c201be6e44", size = 27697 }
wheels = [
    { url = "https://files.pythonhosted.org/packages/d1/d6/3965ed04c63042e047cb6a3e6ed1a63a35087b6a609aa3a15ed8ac56c221/colorama-0.4.6-py2.py3-none-any.whl", hash = "sha256:4f1d9991f5acc0ca119f9d443620b77f9d6b33703e51011c16baf57afb285fc6", size = 25335 },
]

[[package]]
name = "cython"
version = "3.0.11"
source = { registry = "https://pypi.org/simple" }
sdist = { url = "https://files.pythonhosted.org/packages/84/4d/b720d6000f4ca77f030bd70f12550820f0766b568e43f11af7f7ad9061aa/cython-3.0.11.tar.gz", hash = "sha256:7146dd2af8682b4ca61331851e6aebce9fe5158e75300343f80c07ca80b1faff", size = 2755544 }
wheels = [
    { url = "https://files.pythonhosted.org/packages/58/50/fbb23239efe2183e4eaf76689270d6f5b3bbcf9be9ad1eb97cc34349e6fc/Cython-3.0.11-cp312-cp312-macosx_10_9_x86_64.whl", hash = "sha256:11996c40c32abf843ba652a6d53cb15944c88d91f91fc4e6f0028f5df8a8f8a1", size = 3141274 },
    { url = "https://files.pythonhosted.org/packages/87/e5/76379edb21fd5bb9e2aaa1d305492bc35bba96dfb51f5d96867d9863b6df/Cython-3.0.11-cp312-cp312-manylinux_2_17_aarch64.manylinux2014_aarch64.whl", hash = "sha256:63f2c892e9f9c1698ecfee78205541623eb31cd3a1b682668be7ac12de94aa8e", size = 3340904 },
    { url = "https://files.pythonhosted.org/packages/9a/ef/44af6aded89444dc45f4466ff207a05d3376c641cf1146c03fd14c55ae64/Cython-3.0.11-cp312-cp312-manylinux_2_17_x86_64.manylinux2014_x86_64.whl", hash = "sha256:8b14c24f1dc4c4c9d997cca8d1b7fb01187a218aab932328247dcf5694a10102", size = 3514052 },
    { url = "https://files.pythonhosted.org/packages/e0/d5/ef8c7b6aa7a83c508f5c3bf0dfb9eb0a2a9be910c0b1f205f842128269c3/Cython-3.0.11-cp312-cp312-manylinux_2_5_i686.manylinux1_i686.manylinux_2_17_i686.manylinux2014_i686.whl", hash = "sha256:c8eed5c015685106db15dd103fd040948ddca9197b1dd02222711815ea782a27", size = 3573721 },
    { url = "https://files.pythonhosted.org/packages/e5/4a/58d6c208563504a35febff94904bb291b368a8b0f28a5e0593c770967caa/Cython-3.0.11-cp312-cp312-musllinux_1_2_aarch64.whl", hash = "sha256:780f89c95b8aec1e403005b3bf2f0a2afa060b3eba168c86830f079339adad89", size = 3393594 },
    { url = "https://files.pythonhosted.org/packages/a0/92/a60a400be286dc661609da9db903680bba1423362000b689cf8ef0aec811/Cython-3.0.11-cp312-cp312-musllinux_1_2_x86_64.whl", hash = "sha256:a690f2ff460682ea985e8d38ec541be97e0977fa0544aadc21efc116ff8d7579", size = 3601319 },
    { url = "https://files.pythonhosted.org/packages/ac/11/f02fc24d1a071b93e1d07497b0a528687b1f93bb4945c635119480fab3c0/Cython-3.0.11-cp312-cp312-win32.whl", hash = "sha256:2252b5aa57621848e310fe7fa6f7dce5f73aa452884a183d201a8bcebfa05a00", size = 2608335 },
    { url = "https://files.pythonhosted.org/packages/35/00/78ffea3a0ab176267a25ff049518b2582db7ac265bbf27944243d1a81ce2/Cython-3.0.11-cp312-cp312-win_amd64.whl", hash = "sha256:da394654c6da15c1d37f0b7ec5afd325c69a15ceafee2afba14b67a5df8a82c8", size = 2792586 },
    { url = "https://files.pythonhosted.org/packages/eb/19/1d7164b724f62b67c59aa3531a2be8ed1a0c7e4e80afcc6502d8409c4ee3/Cython-3.0.11-cp313-cp313-macosx_10_13_x86_64.whl", hash = "sha256:4341d6a64d47112884e0bcf31e6c075268220ee4cd02223047182d4dda94d637", size = 3134881 },
    { url = "https://files.pythonhosted.org/packages/0a/d7/8d834d7ec4b6e55db857f44e328246d40cb527917040fabf3c48d27609b3/Cython-3.0.11-cp313-cp313-manylinux_2_17_aarch64.manylinux2014_aarch64.whl", hash = "sha256:351955559b37e6c98b48aecb178894c311be9d731b297782f2b78d111f0c9015", size = 3330582 },
    { url = "https://files.pythonhosted.org/packages/1c/ae/d520f3cd94a8926bc47275a968e51bbc669a28f27a058cdfc5c3081fbbf7/Cython-3.0.11-cp313-cp313-manylinux_2_17_x86_64.manylinux2014_x86_64.whl", hash = "sha256:9c02361af9bfa10ff1ccf967fc75159e56b1c8093caf565739ed77a559c1f29f", size = 3503750 },
    { url = "https://files.pythonhosted.org/packages/6e/e4/45c556f4a6d40b6938368d420d3c985bbef9088b7d4a8d8c6648d50e4a94/Cython-3.0.11-cp313-cp313-manylinux_2_5_i686.manylinux1_i686.manylinux_2_17_i686.manylinux2014_i686.whl", hash = "sha256:6823aef13669a32caf18bbb036de56065c485d9f558551a9b55061acf9c4c27f", size = 3566498 },
    { url = "https://files.pythonhosted.org/packages/ce/2d/544f6aa3cab31b99ddb07e7eaaaca6a43db52fe0dc59090195c48fc0b033/Cython-3.0.11-cp313-cp313-musllinux_1_2_aarch64.whl", hash = "sha256:6fb68cef33684f8cc97987bee6ae919eee7e18ee6a3ad7ed9516b8386ef95ae6", size = 3389063 },
    { url = "https://files.pythonhosted.org/packages/55/1a/9d871cc1514df273cd2ccfe3efe5ff1df509ce11768c02a834052709f152/Cython-3.0.11-cp313-cp313-musllinux_1_2_x86_64.whl", hash = "sha256:790263b74432cb997740d73665f4d8d00b9cd1cecbdd981d93591ddf993d4f12", size = 3596353 },
    { url = "https://files.pythonhosted.org/packages/47/4e/4db412f595de4b2224a81ea5332ce107ce3e93bf87275c78648f2e3e37b8/Cython-3.0.11-cp313-cp313-win32.whl", hash = "sha256:e6dd395d1a704e34a9fac00b25f0036dce6654c6b898be6f872ac2bb4f2eda48", size = 2602768 },
    { url = "https://files.pythonhosted.org/packages/e7/91/8a29e1bce2f8a893a4c24874943b64e8ede14fac9990bd4a3f13a46c2720/Cython-3.0.11-cp313-cp313-win_amd64.whl", hash = "sha256:52186101d51497519e99b60d955fd5cb3bf747c67f00d742e70ab913f1e42d31", size = 2784414 },
    { url = "https://files.pythonhosted.org/packages/43/39/bdbec9142bc46605b54d674bf158a78b191c2b75be527c6dcf3e6dfe90b8/Cython-3.0.11-py2.py3-none-any.whl", hash = "sha256:0e25f6425ad4a700d7f77cd468da9161e63658837d1bc34861a9861a4ef6346d", size = 1171267 },
]

[[package]]
name = "dnspython"
version = "2.6.1"
source = { registry = "https://pypi.org/simple" }
sdist = { url = "https://files.pythonhosted.org/packages/37/7d/c871f55054e403fdfd6b8f65fd6d1c4e147ed100d3e9f9ba1fe695403939/dnspython-2.6.1.tar.gz", hash = "sha256:e8f0f9c23a7b7cb99ded64e6c3a6f3e701d78f50c55e002b839dea7225cff7cc", size = 332727 }
wheels = [
    { url = "https://files.pythonhosted.org/packages/87/a1/8c5287991ddb8d3e4662f71356d9656d91ab3a36618c3dd11b280df0d255/dnspython-2.6.1-py3-none-any.whl", hash = "sha256:5ef3b9680161f6fa89daf8ad451b5f1a33b18ae8a1c6778cdf4b43f08c0a6e50", size = 307696 },
]

[[package]]
name = "numpy"
version = "2.1.1"
source = { registry = "https://pypi.org/simple" }
sdist = { url = "https://files.pythonhosted.org/packages/59/5f/9003bb3e632f2b58f5e3a3378902dcc73c5518070736c6740fe52454e8e1/numpy-2.1.1.tar.gz", hash = "sha256:d0cf7d55b1051387807405b3898efafa862997b4cba8aa5dbe657be794afeafd", size = 18874860 }
wheels = [
    { url = "https://files.pythonhosted.org/packages/36/11/c573ef66c004f991989c2c6218229d9003164525549409aec5ec9afc0285/numpy-2.1.1-cp312-cp312-macosx_10_9_x86_64.whl", hash = "sha256:7c803b7934a7f59563db459292e6aa078bb38b7ab1446ca38dd138646a38203e", size = 20884403 },
    { url = "https://files.pythonhosted.org/packages/6b/6c/a9fbef5fd2f9685212af2a9e47485cde9357c3e303e079ccf85127516f2d/numpy-2.1.1-cp312-cp312-macosx_11_0_arm64.whl", hash = "sha256:6435c48250c12f001920f0751fe50c0348f5f240852cfddc5e2f97e007544cbe", size = 13493375 },
    { url = "https://files.pythonhosted.org/packages/34/f2/1316a6b08ad4c161d793abe81ff7181e9ae2e357a5b06352a383b9f8e800/numpy-2.1.1-cp312-cp312-macosx_14_0_arm64.whl", hash = "sha256:3269c9eb8745e8d975980b3a7411a98976824e1fdef11f0aacf76147f662b15f", size = 5088823 },
    { url = "https://files.pythonhosted.org/packages/be/15/fabf78a6d4a10c250e87daf1cd901af05e71501380532ac508879cc46a7e/numpy-2.1.1-cp312-cp312-macosx_14_0_x86_64.whl", hash = "sha256:fac6e277a41163d27dfab5f4ec1f7a83fac94e170665a4a50191b545721c6521", size = 6619825 },
    { url = "https://files.pythonhosted.org/packages/9f/8a/76ddef3e621541ddd6984bc24d256a4e3422d036790cbbe449e6cad439ee/numpy-2.1.1-cp312-cp312-manylinux_2_17_aarch64.manylinux2014_aarch64.whl", hash = "sha256:fcd8f556cdc8cfe35e70efb92463082b7f43dd7e547eb071ffc36abc0ca4699b", size = 13696705 },
    { url = "https://files.pythonhosted.org/packages/cb/22/2b840d297183916a95847c11f82ae11e248fa98113490b2357f774651e1d/numpy-2.1.1-cp312-cp312-manylinux_2_17_x86_64.manylinux2014_x86_64.whl", hash = "sha256:d2b9cd92c8f8e7b313b80e93cedc12c0112088541dcedd9197b5dee3738c1201", size = 16041649 },
    { url = "https://files.pythonhosted.org/packages/c7/e8/6f4825d8f576cfd5e4d6515b9eec22bd618868bdafc8a8c08b446dcb65f0/numpy-2.1.1-cp312-cp312-musllinux_1_1_x86_64.whl", hash = "sha256:afd9c680df4de71cd58582b51e88a61feed4abcc7530bcd3d48483f20fc76f2a", size = 16409358 },
    { url = "https://files.pythonhosted.org/packages/bf/f8/5edf1105b0dc24fd66fc3e9e7f3bca3d920cde571caaa4375ec1566073c3/numpy-2.1.1-cp312-cp312-musllinux_1_2_aarch64.whl", hash = "sha256:8661c94e3aad18e1ea17a11f60f843a4933ccaf1a25a7c6a9182af70610b2313", size = 14172488 },
    { url = "https://files.pythonhosted.org/packages/f4/c2/dddca3e69a024d2f249a5b68698328163cbdafb7e65fbf6d36373bbabf12/numpy-2.1.1-cp312-cp312-win32.whl", hash = "sha256:950802d17a33c07cba7fd7c3dcfa7d64705509206be1606f196d179e539111ed", size = 6237195 },
    { url = "https://files.pythonhosted.org/packages/b7/98/5640a09daa3abf0caeaefa6e7bf0d10c0aa28a77c84e507d6a716e0e23df/numpy-2.1.1-cp312-cp312-win_amd64.whl", hash = "sha256:3fc5eabfc720db95d68e6646e88f8b399bfedd235994016351b1d9e062c4b270", size = 12568082 },
    { url = "https://files.pythonhosted.org/packages/6b/9e/8bc6f133bc6d359ccc9ec051853aded45504d217685191f31f46d36b7065/numpy-2.1.1-cp313-cp313-macosx_10_13_x86_64.whl", hash = "sha256:046356b19d7ad1890c751b99acad5e82dc4a02232013bd9a9a712fddf8eb60f5", size = 20834810 },
    { url = "https://files.pythonhosted.org/packages/32/1b/429519a2fa28681814c511574017d35f3aab7136d554cc65f4c1526dfbf5/numpy-2.1.1-cp313-cp313-macosx_11_0_arm64.whl", hash = "sha256:6e5a9cb2be39350ae6c8f79410744e80154df658d5bea06e06e0ac5bb75480d5", size = 13507739 },
    { url = "https://files.pythonhosted.org/packages/25/18/c732d7dd9896d11e4afcd487ac65e62f9fa0495563b7614eb850765361fa/numpy-2.1.1-cp313-cp313-macosx_14_0_arm64.whl", hash = "sha256:d4c57b68c8ef5e1ebf47238e99bf27657511ec3f071c465f6b1bccbef12d4136", size = 5074465 },
    { url = "https://files.pythonhosted.org/packages/3e/37/838b7ae9262c370ab25312bab365492016f11810ffc03ebebbd54670b669/numpy-2.1.1-cp313-cp313-macosx_14_0_x86_64.whl", hash = "sha256:8ae0fd135e0b157365ac7cc31fff27f07a5572bdfc38f9c2d43b2aff416cc8b0", size = 6606418 },
    { url = "https://files.pythonhosted.org/packages/8b/b9/7ff3bfb71e316a5b43a124c4b7a5881ab12f3c32636014bef1f757f19dbd/numpy-2.1.1-cp313-cp313-manylinux_2_17_aarch64.manylinux2014_aarch64.whl", hash = "sha256:981707f6b31b59c0c24bcda52e5605f9701cb46da4b86c2e8023656ad3e833cb", size = 13692464 },
    { url = "https://files.pythonhosted.org/packages/42/78/75bcf16e6737cd196ff7ecf0e1fd3f953293a34dff4fd93fb488e8308536/numpy-2.1.1-cp313-cp313-manylinux_2_17_x86_64.manylinux2014_x86_64.whl", hash = "sha256:2ca4b53e1e0b279142113b8c5eb7d7a877e967c306edc34f3b58e9be12fda8df", size = 16037763 },
    { url = "https://files.pythonhosted.org/packages/23/99/36bf5ffe034d06df307bc783e25cf164775863166dcd878879559fe0379f/numpy-2.1.1-cp313-cp313-musllinux_1_1_x86_64.whl", hash = "sha256:e097507396c0be4e547ff15b13dc3866f45f3680f789c1a1301b07dadd3fbc78", size = 16410374 },
    { url = "https://files.pythonhosted.org/packages/7f/16/04c5dab564887d4cd31a9ed30e51467fa70d52a4425f5a9bd1eed5b3d34c/numpy-2.1.1-cp313-cp313-musllinux_1_2_aarch64.whl", hash = "sha256:f7506387e191fe8cdb267f912469a3cccc538ab108471291636a96a54e599556", size = 14169873 },
    { url = "https://files.pythonhosted.org/packages/09/e0/d1b5adbf1731886c4186c59a9fa208585df9452a43a2b60e79af7c649717/numpy-2.1.1-cp313-cp313-win32.whl", hash = "sha256:251105b7c42abe40e3a689881e1793370cc9724ad50d64b30b358bbb3a97553b", size = 6234118 },
    { url = "https://files.pythonhosted.org/packages/d0/9c/2391ee6e9ebe77232ddcab29d92662b545e99d78c3eb3b4e26d59b9ca1ca/numpy-2.1.1-cp313-cp313-win_amd64.whl", hash = "sha256:f212d4f46b67ff604d11fff7cc62d36b3e8714edf68e44e9760e19be38c03eb0", size = 12561742 },
    { url = "https://files.pythonhosted.org/packages/38/0e/c4f754f9e73f9bb520e8bf418c646f2c4f70c5d5f2bc561e90f884593193/numpy-2.1.1-cp313-cp313t-macosx_10_13_x86_64.whl", hash = "sha256:920b0911bb2e4414c50e55bd658baeb78281a47feeb064ab40c2b66ecba85553", size = 20858403 },
    { url = "https://files.pythonhosted.org/packages/32/fc/d69092b9171efa0cb8079577e71ce0cac0e08f917d33f6e99c916ed51d44/numpy-2.1.1-cp313-cp313t-macosx_11_0_arm64.whl", hash = "sha256:bab7c09454460a487e631ffc0c42057e3d8f2a9ddccd1e60c7bb8ed774992480", size = 13519851 },
    { url = "https://files.pythonhosted.org/packages/14/2a/d7cf2cd9f15b23f623075546ea64a2c367cab703338ca22aaaecf7e704df/numpy-2.1.1-cp313-cp313t-macosx_14_0_arm64.whl", hash = "sha256:cea427d1350f3fd0d2818ce7350095c1a2ee33e30961d2f0fef48576ddbbe90f", size = 5115444 },
    { url = "https://files.pythonhosted.org/packages/8e/00/e87b2cb4afcecca3b678deefb8fa53005d7054f3b5c39596e5554e5d98f8/numpy-2.1.1-cp313-cp313t-macosx_14_0_x86_64.whl", hash = "sha256:e30356d530528a42eeba51420ae8bf6c6c09559051887196599d96ee5f536468", size = 6628903 },
    { url = "https://files.pythonhosted.org/packages/ab/9d/337ae8721b3beec48c3413d71f2d44b2defbf3c6f7a85184fc18b7b61f4a/numpy-2.1.1-cp313-cp313t-manylinux_2_17_aarch64.manylinux2014_aarch64.whl", hash = "sha256:e8dfa9e94fc127c40979c3eacbae1e61fda4fe71d84869cc129e2721973231ef", size = 13665945 },
    { url = "https://files.pythonhosted.org/packages/c0/90/ee8668e84c5d5cc080ef3beb622c016adf19ca3aa51afe9dbdcc6a9baf59/numpy-2.1.1-cp313-cp313t-manylinux_2_17_x86_64.manylinux2014_x86_64.whl", hash = "sha256:910b47a6d0635ec1bd53b88f86120a52bf56dcc27b51f18c7b4a2e2224c29f0f", size = 16023473 },
    { url = "https://files.pythonhosted.org/packages/38/a0/57c24b2131879183051dc698fbb53fd43b77c3fa85b6e6311014f2bc2973/numpy-2.1.1-cp313-cp313t-musllinux_1_1_x86_64.whl", hash = "sha256:13cc11c00000848702322af4de0147ced365c81d66053a67c2e962a485b3717c", size = 16400624 },
    { url = "https://files.pythonhosted.org/packages/bb/4c/14a41eb5c9548c6cee6af0936eabfd985c69230ffa2f2598321431a9aa0a/numpy-2.1.1-cp313-cp313t-musllinux_1_2_aarch64.whl", hash = "sha256:53e27293b3a2b661c03f79aa51c3987492bd4641ef933e366e0f9f6c9bf257ec", size = 14155072 },
]

[[package]]
name = "pyirt"
version = "0.3.4"
source = { registry = "https://pypi.org/simple" }
dependencies = [
    { name = "cython" },
    { name = "numpy" },
    { name = "pymongo" },
    { name = "python-decouple" },
    { name = "scipy" },
    { name = "tqdm" },
]
sdist = { url = "https://files.pythonhosted.org/packages/21/7c/5b47a50ced5f2528d0657fe02a9b8149247968b510d58b2ee47213589f63/pyirt-0.3.4.tar.gz", hash = "sha256:a48cef38c85a1625d76360acf8ba364a7679d67284eb70e13f438d9fcf65187c", size = 13899 }
wheels = [
    { url = "https://files.pythonhosted.org/packages/31/16/8a0d5e906a93bc82dda6953ce106aebcb05314673afaeb3a031d6fbccafd/pyirt-0.3.4-py3-none-any.whl", hash = "sha256:d158f2ea05cd5821e52051af4be4a65edad71faf100c46e0f35fdda3782c5be8", size = 16967 },
]

[[package]]
name = "pymongo"
version = "4.9.1"
source = { registry = "https://pypi.org/simple" }
dependencies = [
    { name = "dnspython" },
]
sdist = { url = "https://files.pythonhosted.org/packages/b5/57/30d4761272191d9547f7f9f1b83fdf9c08e52f5ff01c193cad9b2e9038ff/pymongo-4.9.1.tar.gz", hash = "sha256:b7f2d34390acf60e229c30037d1473fcf69f4536cd7f48f6f78c0c931c61c505", size = 1884204 }
wheels = [
    { url = "https://files.pythonhosted.org/packages/2e/35/cb2fee591952b2ea4eb09d29d347fafb2b311c47e89e53f328ac31293c2f/pymongo-4.9.1-cp312-cp312-macosx_10_13_x86_64.whl", hash = "sha256:47b4896544095d172c366dd4d4ea1da6b0ab1a77d8416897cc1801e2421b1e67", size = 940080 },
    { url = "https://files.pythonhosted.org/packages/a4/68/3ba028b730de829dc8ee6f176e56d7da123dc586f62cc47dd8255c7afee1/pymongo-4.9.1-cp312-cp312-macosx_11_0_arm64.whl", hash = "sha256:fbb1c7dfcf6c44e9e1928290631c7603817991cdf570691c9e15fca594918435", size = 939860 },
    { url = "https://files.pythonhosted.org/packages/f4/ce/26b69271ceb4542cba69989a9cc5e80c2f0df58331c21bf0117452deddb7/pymongo-4.9.1-cp312-cp312-manylinux_2_17_aarch64.manylinux2014_aarch64.whl", hash = "sha256:a7689da1d1b444284e4ea9ab2eb64a15307b6b795918c0f3cd7774dd1d8a7556", size = 1905873 },
    { url = "https://files.pythonhosted.org/packages/32/16/426ffcc05de13adbab626d6f826f0ace6065695d82208fc459978495fb46/pymongo-4.9.1-cp312-cp312-manylinux_2_17_ppc64le.manylinux2014_ppc64le.whl", hash = "sha256:7f962d74201c772555f7a78792fed820a5ea76db5c7ee6cf43748e411b44e430", size = 1984507 },
    { url = "https://files.pythonhosted.org/packages/ba/4a/845b110c4502035542595d6c41e318d263e8320678a941b452cd73c19409/pymongo-4.9.1-cp312-cp312-manylinux_2_17_s390x.manylinux2014_s390x.whl", hash = "sha256:08fbab69f3fb6f8088c81f4c4a8abd84a99c132034f5e27e47f894bbcb6bf439", size = 1947559 },
    { url = "https://files.pythonhosted.org/packages/e6/a8/e00bef1aa311907de4f752c35164160aee4b1dca09746531c4ae96ff595c/pymongo-4.9.1-cp312-cp312-manylinux_2_17_x86_64.manylinux2014_x86_64.whl", hash = "sha256:4327c0d9bd616b8289691360f2d4a09a72fe35479795832eae0d4ff78af53923", size = 1908991 },
    { url = "https://files.pythonhosted.org/packages/c9/a2/222cdf3decfb6474f6585cd7b38ab391f8583ac0f64ae425022c6e7ec409/pymongo-4.9.1-cp312-cp312-manylinux_2_5_i686.manylinux1_i686.manylinux_2_17_i686.manylinux2014_i686.whl", hash = "sha256:34e4993ae78be56f9e27a141168a1ab78253576fa3e893fa335a719ce204c3ef", size = 1858967 },
    { url = "https://files.pythonhosted.org/packages/cf/c2/39788de79a69428f2d95a7cc3a1db92a019f9133f994fce5323d3b064d06/pymongo-4.9.1-cp312-cp312-win32.whl", hash = "sha256:e1f346811d4a2369f88ab7a6f886fa9c3bbc9ed4e4f4a3becca8717a73d465cb", size = 899722 },
    { url = "https://files.pythonhosted.org/packages/41/11/7d8bc3ae677cf50fc0fda680a81d8827b8b10d75a9d16b97672c9d3c6e8f/pymongo-4.9.1-cp312-cp312-win_amd64.whl", hash = "sha256:a2b12c74cfd90147babb77f9728646bcedfdbd2bd2a5b4130a00e3a0af1a3d34", size = 923365 },
    { url = "https://files.pythonhosted.org/packages/55/89/902ab339b3559ea2978526daf266d421961d23fabd31c25904f531a60198/pymongo-4.9.1-cp313-cp313-macosx_10_13_x86_64.whl", hash = "sha256:a40ea8bc9cffb61c5c9c426c430d22235e085e610ee81ae075ddf51f12f76236", size = 993696 },
    { url = "https://files.pythonhosted.org/packages/96/d2/a3563fc690942d152eb44e9e70aa8cae02ceec658e6e2ba881e80ba1b001/pymongo-4.9.1-cp313-cp313-macosx_11_0_arm64.whl", hash = "sha256:75d5974f874acdb2f125bdbe785045b23a39ecce1d3143dd5712800c7b6d25eb", size = 993489 },
    { url = "https://files.pythonhosted.org/packages/ea/87/a37c4a74baef08c5ac813ab29e778992c562634357b0f59374482951ba92/pymongo-4.9.1-cp313-cp313-manylinux_2_17_aarch64.manylinux2014_aarch64.whl", hash = "sha256:f23a046531030318622414f21198e232cf93c5640da9a80b45596a059c8cc090", size = 2165901 },
    { url = "https://files.pythonhosted.org/packages/5b/fd/456f6128eabd857cbd606a89b39c95fdac24f93a1f3518062890146d38d1/pymongo-4.9.1-cp313-cp313-manylinux_2_17_ppc64le.manylinux2014_ppc64le.whl", hash = "sha256:91b1a92214c3912af5467f77c2f6435cd76f6de64c70cba7bb4ee43eba7f459e", size = 2257315 },
    { url = "https://files.pythonhosted.org/packages/76/ef/bf0c3793fd08e30b133a10b4702ab13c1e365265e5b385a20c5e34757fad/pymongo-4.9.1-cp313-cp313-manylinux_2_17_s390x.manylinux2014_s390x.whl", hash = "sha256:3a846423c4535428f69a90a1451df3718bc59f0c4ab685b9e96d3071951e0be4", size = 2214883 },
    { url = "https://files.pythonhosted.org/packages/c7/c2/eb4868f3dfe3ec64afca960f47f9c616341e50269c746c978e0a0a057fc2/pymongo-4.9.1-cp313-cp313-manylinux_2_17_x86_64.manylinux2014_x86_64.whl", hash = "sha256:d476d91a5c9e6c37bc8ec3fb294e1c01d95736ccf01a59bb1540fe2f710f826e", size = 2167362 },
    { url = "https://files.pythonhosted.org/packages/73/f7/9fb4be6fa514c40fea4cdb7b92e0ff341e5ef33a2a2ef869514a4cca1107/pymongo-4.9.1-cp313-cp313-manylinux_2_5_i686.manylinux1_i686.manylinux_2_17_i686.manylinux2014_i686.whl", hash = "sha256:172d8ba0f567e351a18765db23dab7dbcfdffd91a8788d90d46b350f80a40781", size = 2107853 },
    { url = "https://files.pythonhosted.org/packages/82/92/4a6f9391f85f7ccb6cba03ff280f49f1cc87f2303e26efc91c5d3f0b9c4c/pymongo-4.9.1-cp313-cp313-win32.whl", hash = "sha256:95418e334629440f70fe5ceeefc6cbbd50defb566901c8d68179ffbaec8d5f01", size = 945401 },
    { url = "https://files.pythonhosted.org/packages/53/03/d687f6384e834bdaa376cfb6f3dc300aafd04029baa90afc2329efb1f038/pymongo-4.9.1-cp313-cp313-win_amd64.whl", hash = "sha256:1dfd2aa30174d36a3ef1dae4ee4c89710c2d65cac52ce6e13f17c710edbd61cf", size = 973554 },
]

[[package]]
name = "python-decouple"
version = "3.8"
source = { registry = "https://pypi.org/simple" }
sdist = { url = "https://files.pythonhosted.org/packages/e1/97/373dcd5844ec0ea5893e13c39a2c67e7537987ad8de3842fe078db4582fa/python-decouple-3.8.tar.gz", hash = "sha256:ba6e2657d4f376ecc46f77a3a615e058d93ba5e465c01bbe57289bfb7cce680f", size = 9612 }
wheels = [
    { url = "https://files.pythonhosted.org/packages/a2/d4/9193206c4563ec771faf2ccf54815ca7918529fe81f6adb22ee6d0e06622/python_decouple-3.8-py3-none-any.whl", hash = "sha256:d0d45340815b25f4de59c974b855bb38d03151d81b037d9e3f463b0c9f8cbd66", size = 9947 },
]

[[package]]
name = "scipy"
version = "1.14.1"
source = { registry = "https://pypi.org/simple" }
dependencies = [
    { name = "numpy" },
]
sdist = { url = "https://files.pythonhosted.org/packages/62/11/4d44a1f274e002784e4dbdb81e0ea96d2de2d1045b2132d5af62cc31fd28/scipy-1.14.1.tar.gz", hash = "sha256:5a275584e726026a5699459aa72f828a610821006228e841b94275c4a7c08417", size = 58620554 }
wheels = [
    { url = "https://files.pythonhosted.org/packages/c0/04/2bdacc8ac6387b15db6faa40295f8bd25eccf33f1f13e68a72dc3c60a99e/scipy-1.14.1-cp312-cp312-macosx_10_13_x86_64.whl", hash = "sha256:631f07b3734d34aced009aaf6fedfd0eb3498a97e581c3b1e5f14a04164a456d", size = 39128781 },
    { url = "https://files.pythonhosted.org/packages/c8/53/35b4d41f5fd42f5781dbd0dd6c05d35ba8aa75c84ecddc7d44756cd8da2e/scipy-1.14.1-cp312-cp312-macosx_12_0_arm64.whl", hash = "sha256:af29a935803cc707ab2ed7791c44288a682f9c8107bc00f0eccc4f92c08d6e07", size = 29939542 },
    { url = "https://files.pythonhosted.org/packages/66/67/6ef192e0e4d77b20cc33a01e743b00bc9e68fb83b88e06e636d2619a8767/scipy-1.14.1-cp312-cp312-macosx_14_0_arm64.whl", hash = "sha256:2843f2d527d9eebec9a43e6b406fb7266f3af25a751aa91d62ff416f54170bc5", size = 23148375 },
    { url = "https://files.pythonhosted.org/packages/f6/32/3a6dedd51d68eb7b8e7dc7947d5d841bcb699f1bf4463639554986f4d782/scipy-1.14.1-cp312-cp312-macosx_14_0_x86_64.whl", hash = "sha256:eb58ca0abd96911932f688528977858681a59d61a7ce908ffd355957f7025cfc", size = 25578573 },
    { url = "https://files.pythonhosted.org/packages/f0/5a/efa92a58dc3a2898705f1dc9dbaf390ca7d4fba26d6ab8cfffb0c72f656f/scipy-1.14.1-cp312-cp312-manylinux_2_17_aarch64.manylinux2014_aarch64.whl", hash = "sha256:30ac8812c1d2aab7131a79ba62933a2a76f582d5dbbc695192453dae67ad6310", size = 35319299 },
    { url = "https://files.pythonhosted.org/packages/8e/ee/8a26858ca517e9c64f84b4c7734b89bda8e63bec85c3d2f432d225bb1886/scipy-1.14.1-cp312-cp312-manylinux_2_17_x86_64.manylinux2014_x86_64.whl", hash = "sha256:8f9ea80f2e65bdaa0b7627fb00cbeb2daf163caa015e59b7516395fe3bd1e066", size = 40849331 },
    { url = "https://files.pythonhosted.org/packages/a5/cd/06f72bc9187840f1c99e1a8750aad4216fc7dfdd7df46e6280add14b4822/scipy-1.14.1-cp312-cp312-musllinux_1_2_x86_64.whl", hash = "sha256:edaf02b82cd7639db00dbff629995ef185c8df4c3ffa71a5562a595765a06ce1", size = 42544049 },
    { url = "https://files.pythonhosted.org/packages/aa/7d/43ab67228ef98c6b5dd42ab386eae2d7877036970a0d7e3dd3eb47a0d530/scipy-1.14.1-cp312-cp312-win_amd64.whl", hash = "sha256:2ff38e22128e6c03ff73b6bb0f85f897d2362f8c052e3b8ad00532198fbdae3f", size = 44521212 },
    { url = "https://files.pythonhosted.org/packages/50/ef/ac98346db016ff18a6ad7626a35808f37074d25796fd0234c2bb0ed1e054/scipy-1.14.1-cp313-cp313-macosx_10_13_x86_64.whl", hash = "sha256:1729560c906963fc8389f6aac023739ff3983e727b1a4d87696b7bf108316a79", size = 39091068 },
    { url = "https://files.pythonhosted.org/packages/b9/cc/70948fe9f393b911b4251e96b55bbdeaa8cca41f37c26fd1df0232933b9e/scipy-1.14.1-cp313-cp313-macosx_12_0_arm64.whl", hash = "sha256:4079b90df244709e675cdc8b93bfd8a395d59af40b72e339c2287c91860deb8e", size = 29875417 },
    { url = "https://files.pythonhosted.org/packages/3b/2e/35f549b7d231c1c9f9639f9ef49b815d816bf54dd050da5da1c11517a218/scipy-1.14.1-cp313-cp313-macosx_14_0_arm64.whl", hash = "sha256:e0cf28db0f24a38b2a0ca33a85a54852586e43cf6fd876365c86e0657cfe7d73", size = 23084508 },
    { url = "https://files.pythonhosted.org/packages/3f/d6/b028e3f3e59fae61fb8c0f450db732c43dd1d836223a589a8be9f6377203/scipy-1.14.1-cp313-cp313-macosx_14_0_x86_64.whl", hash = "sha256:0c2f95de3b04e26f5f3ad5bb05e74ba7f68b837133a4492414b3afd79dfe540e", size = 25503364 },
    { url = "https://files.pythonhosted.org/packages/a7/2f/6c142b352ac15967744d62b165537a965e95d557085db4beab2a11f7943b/scipy-1.14.1-cp313-cp313-manylinux_2_17_aarch64.manylinux2014_aarch64.whl", hash = "sha256:b99722ea48b7ea25e8e015e8341ae74624f72e5f21fc2abd45f3a93266de4c5d", size = 35292639 },
    { url = "https://files.pythonhosted.org/packages/56/46/2449e6e51e0d7c3575f289f6acb7f828938eaab8874dbccfeb0cd2b71a27/scipy-1.14.1-cp313-cp313-manylinux_2_17_x86_64.manylinux2014_x86_64.whl", hash = "sha256:5149e3fd2d686e42144a093b206aef01932a0059c2a33ddfa67f5f035bdfe13e", size = 40798288 },
    { url = "https://files.pythonhosted.org/packages/32/cd/9d86f7ed7f4497c9fd3e39f8918dd93d9f647ba80d7e34e4946c0c2d1a7c/scipy-1.14.1-cp313-cp313-musllinux_1_2_x86_64.whl", hash = "sha256:e4f5a7c49323533f9103d4dacf4e4f07078f360743dec7f7596949149efeec06", size = 42524647 },
    { url = "https://files.pythonhosted.org/packages/f5/1b/6ee032251bf4cdb0cc50059374e86a9f076308c1512b61c4e003e241efb7/scipy-1.14.1-cp313-cp313-win_amd64.whl", hash = "sha256:baff393942b550823bfce952bb62270ee17504d02a1801d7fd0719534dfb9c84", size = 44469524 },
]

[[package]]
name = "setuptools"
version = "75.1.0"
source = { registry = "https://pypi.org/simple" }
sdist = { url = "https://files.pythonhosted.org/packages/27/b8/f21073fde99492b33ca357876430822e4800cdf522011f18041351dfa74b/setuptools-75.1.0.tar.gz", hash = "sha256:d59a21b17a275fb872a9c3dae73963160ae079f1049ed956880cd7c09b120538", size = 1348057 }
wheels = [
    { url = "https://files.pythonhosted.org/packages/ff/ae/f19306b5a221f6a436d8f2238d5b80925004093fa3edea59835b514d9057/setuptools-75.1.0-py3-none-any.whl", hash = "sha256:35ab7fd3bcd95e6b7fd704e4a1539513edad446c097797f2985e0e4b960772f2", size = 1248506 },
]

[[package]]
name = "tqdm"
version = "4.66.5"
source = { registry = "https://pypi.org/simple" }
dependencies = [
    { name = "colorama", marker = "platform_system == 'Windows'" },
]
sdist = { url = "https://files.pythonhosted.org/packages/58/83/6ba9844a41128c62e810fddddd72473201f3eacde02046066142a2d96cc5/tqdm-4.66.5.tar.gz", hash = "sha256:e1020aef2e5096702d8a025ac7d16b1577279c9d63f8375b63083e9a5f0fcbad", size = 169504 }
wheels = [
    { url = "https://files.pythonhosted.org/packages/48/5d/acf5905c36149bbaec41ccf7f2b68814647347b72075ac0b1fe3022fdc73/tqdm-4.66.5-py3-none-any.whl", hash = "sha256:90279a3770753eafc9194a0364852159802111925aa30eb3f9d85b0e805ac7cd", size = 78351 },
]

[[package]]
name = "utils"
version = "0.1.0"
source = { virtual = "." }
dependencies = [
    { name = "pyirt" },
    { name = "setuptools" },
]

[package.metadata]
requires-dist = [
    { name = "pyirt", specifier = ">=0.3.4" },
    { name = "setuptools", specifier = ">=75.1.0" },
]
